
Microsoft Visual Studio Solution File, Format Version 12.00
# Visual Studio Version 16
VisualStudioVersion = 16.0.32413.511
MinimumVisualStudioVersion = 10.0.40219.1
Project("{FAE04EC0-301F-11D3-BF4B-00C04F79EFBC}") = "ProgrammingAssignment7-Lottery week12", "ProgrammingAssignment7-Lottery week12\ProgrammingAssignment7-Lottery week12.csproj", "{89B5572C-73DB-4B5F-B834-239FDE299972}"
EndProject
Global
	GlobalSection(SolutionConfigurationPlatforms) = preSolution
		Debug|Any CPU = Debug|Any CPU
		Release|Any CPU = Release|Any CPU
	EndGlobalSection
	GlobalSection(ProjectConfigurationPlatforms) = postSolution
		{89B5572C-73DB-4B5F-B834-239FDE299972}.Debug|Any CPU.ActiveCfg = Debug|Any CPU
		{89B5572C-73DB-4B5F-B834-239FDE299972}.Debug|Any CPU.Build.0 = Debug|Any CPU
		{89B5572C-73DB-4B5F-B834-239FDE299972}.Release|Any CPU.ActiveCfg = Release|Any CPU
		{89B5572C-73DB-4B5F-B834-239FDE299972}.Release|Any CPU.Build.0 = Release|Any CPU
	EndGlobalSection
	GlobalSection(SolutionProperties) = preSolution
		HideSolutionNode = FALSE
	EndGlobalSection
	GlobalSection(ExtensibilityGlobals) = postSolution
		SolutionGuid = {B8B36976-D6C7-4A67-89B5-82D55F76012B}
	EndGlobalSection
EndGlobal
