
Microsoft Visual Studio Solution File, Format Version 12.00
# Visual Studio Version 16
VisualStudioVersion = 16.0.32510.428
MinimumVisualStudioVersion = 10.0.40219.1
Project("{FAE04EC0-301F-11D3-BF4B-00C04F79EFBC}") = "CarSale", "CarSale\CarSale.csproj", "{8F639EE6-76E9-4180-AFC8-59E8A36520A3}"
EndProject
Global
	GlobalSection(SolutionConfigurationPlatforms) = preSolution
		Debug|Any CPU = Debug|Any CPU
		Release|Any CPU = Release|Any CPU
	EndGlobalSection
	GlobalSection(ProjectConfigurationPlatforms) = postSolution
		{8F639EE6-76E9-4180-AFC8-59E8A36520A3}.Debug|Any CPU.ActiveCfg = Debug|Any CPU
		{8F639EE6-76E9-4180-AFC8-59E8A36520A3}.Debug|Any CPU.Build.0 = Debug|Any CPU
		{8F639EE6-76E9-4180-AFC8-59E8A36520A3}.Release|Any CPU.ActiveCfg = Release|Any CPU
		{8F639EE6-76E9-4180-AFC8-59E8A36520A3}.Release|Any CPU.Build.0 = Release|Any CPU
	EndGlobalSection
	GlobalSection(SolutionProperties) = preSolution
		HideSolutionNode = FALSE
	EndGlobalSection
	GlobalSection(ExtensibilityGlobals) = postSolution
		SolutionGuid = {0BD2F90B-0222-4AAC-A1B6-2F8D69AF7B95}
	EndGlobalSection
EndGlobal
